
Microsoft Visual Studio Solution File, Format Version 12.00
# Visual Studio 15
VisualStudioVersion = 15.0.27428.2037
MinimumVisualStudioVersion = 10.0.40219.1
Project("{FAE04EC0-301F-11D3-BF4B-00C04F79EFBC}") = "LiteDBControl", "LiteDBControl\LiteDBControl.csproj", "{E45CFF7E-7A97-4A5A-9037-CA6703F256A6}"
EndProject
Global
	GlobalSection(SolutionConfigurationPlatforms) = preSolution
		Debug|Any CPU = Debug|Any CPU
		Release|Any CPU = Release|Any CPU
	EndGlobalSection
	GlobalSection(ProjectConfigurationPlatforms) = postSolution
		{E45CFF7E-7A97-4A5A-9037-CA6703F256A6}.Debug|Any CPU.ActiveCfg = Debug|Any CPU
		{E45CFF7E-7A97-4A5A-9037-CA6703F256A6}.Debug|Any CPU.Build.0 = Debug|Any CPU
		{E45CFF7E-7A97-4A5A-9037-CA6703F256A6}.Release|Any CPU.ActiveCfg = Release|Any CPU
		{E45CFF7E-7A97-4A5A-9037-CA6703F256A6}.Release|Any CPU.Build.0 = Release|Any CPU
	EndGlobalSection
	GlobalSection(SolutionProperties) = preSolution
		HideSolutionNode = FALSE
	EndGlobalSection
	GlobalSection(ExtensibilityGlobals) = postSolution
		SolutionGuid = {F5CFA656-E55A-41FE-A283-447507F7EAD2}
	EndGlobalSection
EndGlobal
